
Microsoft Visual Studio Solution File, Format Version 12.00
# Visual Studio Version 17
VisualStudioVersion = 17.3.32901.215
MinimumVisualStudioVersion = 10.0.40219.1
Project("{9A19103F-16F7-4668-BE54-9A1E7A4F7556}") = "TTF_Project_version1", "TTF_Project_version1.csproj", "{31AD5517-5D0E-4CED-A4A7-A293C0923254}"
EndProject
Project("{9A19103F-16F7-4668-BE54-9A1E7A4F7556}") = "TTF_Project_version2", "..\TTF_Project_version2\TTF_Project_version2.csproj", "{63559464-13D0-4CB0-B171-F32D3A75864A}"
EndProject
Project("{FAE04EC0-301F-11D3-BF4B-00C04F79EFBC}") = "Binary_Price_Search_UnitTest", "..\UnitTestTTF\Binary_Price_Search_UnitTest.csproj", "{89C670F4-131E-4C2E-A8B0-F4B675D36FA1}"
EndProject
Global
	GlobalSection(SolutionConfigurationPlatforms) = preSolution
		Debug|Any CPU = Debug|Any CPU
		Release|Any CPU = Release|Any CPU
	EndGlobalSection
	GlobalSection(ProjectConfigurationPlatforms) = postSolution
		{31AD5517-5D0E-4CED-A4A7-A293C0923254}.Debug|Any CPU.ActiveCfg = Debug|Any CPU
		{31AD5517-5D0E-4CED-A4A7-A293C0923254}.Debug|Any CPU.Build.0 = Debug|Any CPU
		{31AD5517-5D0E-4CED-A4A7-A293C0923254}.Release|Any CPU.ActiveCfg = Release|Any CPU
		{31AD5517-5D0E-4CED-A4A7-A293C0923254}.Release|Any CPU.Build.0 = Release|Any CPU
		{63559464-13D0-4CB0-B171-F32D3A75864A}.Debug|Any CPU.ActiveCfg = Debug|Any CPU
		{63559464-13D0-4CB0-B171-F32D3A75864A}.Debug|Any CPU.Build.0 = Debug|Any CPU
		{63559464-13D0-4CB0-B171-F32D3A75864A}.Release|Any CPU.ActiveCfg = Release|Any CPU
		{63559464-13D0-4CB0-B171-F32D3A75864A}.Release|Any CPU.Build.0 = Release|Any CPU
		{89C670F4-131E-4C2E-A8B0-F4B675D36FA1}.Debug|Any CPU.ActiveCfg = Debug|Any CPU
		{89C670F4-131E-4C2E-A8B0-F4B675D36FA1}.Debug|Any CPU.Build.0 = Debug|Any CPU
		{89C670F4-131E-4C2E-A8B0-F4B675D36FA1}.Release|Any CPU.ActiveCfg = Release|Any CPU
		{89C670F4-131E-4C2E-A8B0-F4B675D36FA1}.Release|Any CPU.Build.0 = Release|Any CPU
	EndGlobalSection
	GlobalSection(SolutionProperties) = preSolution
		HideSolutionNode = FALSE
	EndGlobalSection
	GlobalSection(ExtensibilityGlobals) = postSolution
		SolutionGuid = {3B7F58D7-8626-415D-8181-CCB1227ECDB4}
	EndGlobalSection
EndGlobal
